{
    "_meta": {
        "hash": {
            "sha256": "f24cc6b9b22044e66bf20044da0ff6ac6915ae6680cfb3f00a95be41a36400e5"
        },
        "pipfile-spec": 6,
        "requires": {
            "python_version": "3.9"
        },
        "sources": [
            {
                "name": "pypi",
                "url": "https://pypi.org/simple",
                "verify_ssl": true
            }
        ]
    },
    "default": {
        "python-json-logger": {
            "hashes": [
                "sha256:23e7ec02d34237c5aa1e29a070193a4ea87583bb4e7f8fd06d3de8264c4b2e1c",
                "sha256:f380b826a991ebbe3de4d897aeec42760035ac760345e57b812938dc8b35e2bd"
            ],
            "index": "pypi",
            "markers": "python_version >= '3.6'",
            "version": "==2.0.7"
        }
    },
    "develop": {}
}
